{
  "name": "stackable_items",
  "version": "1.0.0",
  "lockfileVersion": 2,
  "requires": true,
  "packages": {
    "": {
      "name": "teleport_file",
      "version": "1.0.0",
      "license": "ISC",
      "dependencies": {
        "bigodon": "^1.7.0"
      }
    },
    "node_modules/bigodon": {
      "version": "1.7.0",
      "resolved": "https://registry.npmjs.org/bigodon/-/bigodon-1.7.0.tgz",
      "integrity": "sha512-CwzEGmK3YH285DQDeLEa3eZbKADG8SohOHBHESM5iAveTCQXT89fVzhJbzxpb4xp3q5fvtybWHLX2ZAQWJjnDw==",
      "dependencies": {
        "pierrejs": "^0.5.0",
        "uuid": "^8.3.2"
      }
    },
    "node_modules/pierrejs": {
      "version": "0.5.0",
      "resolved": "https://registry.npmjs.org/pierrejs/-/pierrejs-0.5.0.tgz",
      "integrity": "sha512-etm2ZMrdCZh61aks0qRDynlI/fKb9YFqLroHaBrdMvLXdhHUMzxlchndz2fOyDVsfAXwXJS8/zsaRHntg9wFsw=="
    },
    "node_modules/uuid": {
      "version": "8.3.2",
      "resolved": "https://registry.npmjs.org/uuid/-/uuid-8.3.2.tgz",
      "integrity": "sha512-+NYs2QeMWy+GWFOEm9xnn6HCDp0l7QBD7ml8zLUmJ+93Q5NF0NocErnwkTkXVFNiX3/fpC6afS8Dhb/gz7R7eg==",
      "bin": {
        "uuid": "dist/bin/uuid"
      }
    }
  },
  "dependencies": {
    "bigodon": {
      "version": "1.7.0",
      "resolved": "https://registry.npmjs.org/bigodon/-/bigodon-1.7.0.tgz",
      "integrity": "sha512-CwzEGmK3YH285DQDeLEa3eZbKADG8SohOHBHESM5iAveTCQXT89fVzhJbzxpb4xp3q5fvtybWHLX2ZAQWJjnDw==",
      "requires": {
        "pierrejs": "^0.5.0",
        "uuid": "^8.3.2"
      }
    },
    "pierrejs": {
      "version": "0.5.0",
      "resolved": "https://registry.npmjs.org/pierrejs/-/pierrejs-0.5.0.tgz",
      "integrity": "sha512-etm2ZMrdCZh61aks0qRDynlI/fKb9YFqLroHaBrdMvLXdhHUMzxlchndz2fOyDVsfAXwXJS8/zsaRHntg9wFsw=="
    },
    "uuid": {
      "version": "8.3.2",
      "resolved": "https://registry.npmjs.org/uuid/-/uuid-8.3.2.tgz",
      "integrity": "sha512-+NYs2QeMWy+GWFOEm9xnn6HCDp0l7QBD7ml8zLUmJ+93Q5NF0NocErnwkTkXVFNiX3/fpC6afS8Dhb/gz7R7eg=="
    }
  }
}
